version = 1
revision = 3
requires-python = ">=3.10"

[[package]]
name = "pc"
version = "0.1.0"
source = { virtual = "." }
dependencies = [
    { name = "protobuf" },
    { name = "pyserial" },
]

[package.metadata]
requires-dist = [
    { name = "protobuf", specifier = ">=6.32.1" },
    { name = "pyserial", specifier = ">=3.5" },
]

[[package]]
name = "protobuf"
version = "6.32.1"
source = { registry = "https://pypi.org/simple" }
sdist = { url = "https://files.pythonhosted.org/packages/fa/a4/cc17347aa2897568beece2e674674359f911d6fe21b0b8d6268cd42727ac/protobuf-6.32.1.tar.gz", hash = "sha256:ee2469e4a021474ab9baafea6cd070e5bf27c7d29433504ddea1a4ee5850f68d", size = 440635, upload-time = "2025-09-11T21:38:42.935Z" }
wheels = [
    { url = "https://files.pythonhosted.org/packages/c0/98/645183ea03ab3995d29086b8bf4f7562ebd3d10c9a4b14ee3f20d47cfe50/protobuf-6.32.1-cp310-abi3-win32.whl", hash = "sha256:a8a32a84bc9f2aad712041b8b366190f71dde248926da517bde9e832e4412085", size = 424411, upload-time = "2025-09-11T21:38:27.427Z" },
    { url = "https://files.pythonhosted.org/packages/8c/f3/6f58f841f6ebafe076cebeae33fc336e900619d34b1c93e4b5c97a81fdfa/protobuf-6.32.1-cp310-abi3-win_amd64.whl", hash = "sha256:b00a7d8c25fa471f16bc8153d0e53d6c9e827f0953f3c09aaa4331c718cae5e1", size = 435738, upload-time = "2025-09-11T21:38:30.959Z" },
    { url = "https://files.pythonhosted.org/packages/10/56/a8a3f4e7190837139e68c7002ec749190a163af3e330f65d90309145a210/protobuf-6.32.1-cp39-abi3-macosx_10_9_universal2.whl", hash = "sha256:d8c7e6eb619ffdf105ee4ab76af5a68b60a9d0f66da3ea12d1640e6d8dab7281", size = 426454, upload-time = "2025-09-11T21:38:34.076Z" },
    { url = "https://files.pythonhosted.org/packages/3f/be/8dd0a927c559b37d7a6c8ab79034fd167dcc1f851595f2e641ad62be8643/protobuf-6.32.1-cp39-abi3-manylinux2014_aarch64.whl", hash = "sha256:2f5b80a49e1eb7b86d85fcd23fe92df154b9730a725c3b38c4e43b9d77018bf4", size = 322874, upload-time = "2025-09-11T21:38:35.509Z" },
    { url = "https://files.pythonhosted.org/packages/5c/f6/88d77011b605ef979aace37b7703e4eefad066f7e84d935e5a696515c2dd/protobuf-6.32.1-cp39-abi3-manylinux2014_x86_64.whl", hash = "sha256:b1864818300c297265c83a4982fd3169f97122c299f56a56e2445c3698d34710", size = 322013, upload-time = "2025-09-11T21:38:37.017Z" },
    { url = "https://files.pythonhosted.org/packages/97/b7/15cc7d93443d6c6a84626ae3258a91f4c6ac8c0edd5df35ea7658f71b79c/protobuf-6.32.1-py3-none-any.whl", hash = "sha256:2601b779fc7d32a866c6b4404f9d42a3f67c5b9f3f15b4db3cccabe06b95c346", size = 169289, upload-time = "2025-09-11T21:38:41.234Z" },
]

[[package]]
name = "pyserial"
version = "3.5"
source = { registry = "https://pypi.org/simple" }
sdist = { url = "https://files.pythonhosted.org/packages/1e/7d/ae3f0a63f41e4d2f6cb66a5b57197850f919f59e558159a4dd3a818f5082/pyserial-3.5.tar.gz", hash = "sha256:3c77e014170dfffbd816e6ffc205e9842efb10be9f58ec16d3e8675b4925cddb", size = 159125, upload-time = "2020-11-23T03:59:15.045Z" }
wheels = [
    { url = "https://files.pythonhosted.org/packages/07/bc/587a445451b253b285629263eb51c2d8e9bcea4fc97826266d186f96f558/pyserial-3.5-py2.py3-none-any.whl", hash = "sha256:c4451db6ba391ca6ca299fb3ec7bae67a5c55dde170964c7a14ceefec02f2cf0", size = 90585, upload-time = "2020-11-23T03:59:13.41Z" },
]
